// !$*UTF8*$!
{
	archiveVersion = 1;
	classes = {
	};
	objectVersion = 46;
	objects = {

/* Begin PBXBuildFile section */
		079297261B47906E00AB27BA /* main.m in Sources */ = {isa = PBXBuildFile; fileRef = 079297251B47906E00AB27BA /* main.m */; };
		079297291B47906E00AB27BA /* AppDelegate.m in Sources */ = {isa = PBXBuildFile; fileRef = 079297281B47906E00AB27BA /* AppDelegate.m */; };
		0792972C1B47906E00AB27BA /* ViewController.m in Sources */ = {isa = PBXBuildFile; fileRef = 0792972B1B47906E00AB27BA /* ViewController.m */; };
		0792972F1B47906E00AB27BA /* Main.storyboard in Resources */ = {isa = PBXBuildFile; fileRef = 0792972D1B47906E00AB27BA /* Main.storyboard */; };
		079297311B47906E00AB27BA /* Images.xcassets in Resources */ = {isa = PBXBuildFile; fileRef = 079297301B47906E00AB27BA /* Images.xcassets */; };
		079297341B47906E00AB27BA /* LaunchScreen.xib in Resources */ = {isa = PBXBuildFile; fileRef = 079297321B47906E00AB27BA /* LaunchScreen.xib */; };
		079297401B47906E00AB27BA /* Monk_AdminTests.m in Sources */ = {isa = PBXBuildFile; fileRef = 0792973F1B47906E00AB27BA /* Monk_AdminTests.m */; };
/* End PBXBuildFile section */

/* Begin PBXContainerItemProxy section */
		0792973A1B47906E00AB27BA /* PBXContainerItemProxy */ = {
			isa = PBXContainerItemProxy;
			containerPortal = 079297181B47906E00AB27BA /* Project object */;
			proxyType = 1;
			remoteGlobalIDString = 0792971F1B47906E00AB27BA;
			remoteInfo = "Monk Admin";
		};
/* End PBXContainerItemProxy section */

/* Begin PBXFileReference section */
		079297201B47906E00AB27BA /* Monk Admin.app */ = {isa = PBXFileReference; explicitFileType = wrapper.application; includeInIndex = 0; path = "Monk Admin.app"; sourceTree = BUILT_PRODUCTS_DIR; };
		079297241B47906E00AB27BA /* Info.plist */ = {isa = PBXFileReference; lastKnownFileType = text.plist.xml; path = Info.plist; sourceTree = "<group>"; };
		079297251B47906E00AB27BA /* main.m */ = {isa = PBXFileReference; lastKnownFileType = sourcecode.c.objc; path = main.m; sourceTree = "<group>"; };
		079297271B47906E00AB27BA /* AppDelegate.h */ = {isa = PBXFileReference; lastKnownFileType = sourcecode.c.h; path = AppDelegate.h; sourceTree = "<group>"; };
		079297281B47906E00AB27BA /* AppDelegate.m */ = {isa = PBXFileReference; lastKnownFileType = sourcecode.c.objc; path = AppDelegate.m; sourceTree = "<group>"; };
		0792972A1B47906E00AB27BA /* ViewController.h */ = {isa = PBXFileReference; lastKnownFileType = sourcecode.c.h; path = ViewController.h; sourceTree = "<group>"; };
		0792972B1B47906E00AB27BA /* ViewController.m */ = {isa = PBXFileReference; lastKnownFileType = sourcecode.c.objc; path = ViewController.m; sourceTree = "<group>"; };
		0792972E1B47906E00AB27BA /* Base */ = {isa = PBXFileReference; lastKnownFileType = file.storyboard; name = Base; path = Base.lproj/Main.storyboard; sourceTree = "<group>"; };
		079297301B47906E00AB27BA /* Images.xcassets */ = {isa = PBXFileReference; lastKnownFileType = folder.assetcatalog; path = Images.xcassets; sourceTree = "<group>"; };
		079297331B47906E00AB27BA /* Base */ = {isa = PBXFileReference; lastKnownFileType = file.xib; name = Base; path = Base.lproj/LaunchScreen.xib; sourceTree = "<group>"; };
		079297391B47906E00AB27BA /* Monk AdminTests.xctest */ = {isa = PBXFileReference; explicitFileType = wrapper.cfbundle; includeInIndex = 0; path = "Monk AdminTests.xctest"; sourceTree = BUILT_PRODUCTS_DIR; };
		0792973E1B47906E00AB27BA /* Info.plist */ = {isa = PBXFileReference; lastKnownFileType = text.plist.xml; path = Info.plist; sourceTree = "<group>"; };
		0792973F1B47906E00AB27BA /* Monk_AdminTests.m */ = {isa = PBXFileReference; lastKnownFileType = sourcecode.c.objc; path = Monk_AdminTests.m; sourceTree = "<group>"; };
/* End PBXFileReference section */

/* Begin PBXFrameworksBuildPhase section */
		0792971D1B47906E00AB27BA /* Frameworks */ = {
			isa = PBXFrameworksBuildPhase;
			buildActionMask = 2147483647;
			files = (
			);
			runOnlyForDeploymentPostprocessing = 0;
		};
		079297361B47906E00AB27BA /* Frameworks */ = {
			isa = PBXFrameworksBuildPhase;
			buildActionMask = 2147483647;
			files = (
			);
			runOnlyForDeploymentPostprocessing = 0;
		};
/* End PBXFrameworksBuildPhase section */

/* Begin PBXGroup section */
		079297171B47906E00AB27BA = {
			isa = PBXGroup;
			children = (
				079297221B47906E00AB27BA /* Monk Admin */,
				0792973C1B47906E00AB27BA /* Monk AdminTests */,
				079297211B47906E00AB27BA /* Products */,
			);
			sourceTree = "<group>";
		};
		079297211B47906E00AB27BA /* Products */ = {
			isa = PBXGroup;
			children = (
				079297201B47906E00AB27BA /* Monk Admin.app */,
				079297391B47906E00AB27BA /* Monk AdminTests.xctest */,
			);
			name = Products;
			sourceTree = "<group>";
		};
		079297221B47906E00AB27BA /* Monk Admin */ = {
			isa = PBXGroup;
			children = (
				079297271B47906E00AB27BA /* AppDelegate.h */,
				079297281B47906E00AB27BA /* AppDelegate.m */,
				0792972A1B47906E00AB27BA /* ViewController.h */,
				0792972B1B47906E00AB27BA /* ViewController.m */,
				0792972D1B47906E00AB27BA /* Main.storyboard */,
				079297301B47906E00AB27BA /* Images.xcassets */,
				079297321B47906E00AB27BA /* LaunchScreen.xib */,
				079297231B47906E00AB27BA /* Supporting Files */,
			);
			path = "Monk Admin";
			sourceTree = "<group>";
		};
		079297231B47906E00AB27BA /* Supporting Files */ = {
			isa = PBXGroup;
			children = (
				079297241B47906E00AB27BA /* Info.plist */,
				079297251B47906E00AB27BA /* main.m */,
			);
			name = "Supporting Files";
			sourceTree = "<group>";
		};
		0792973C1B47906E00AB27BA /* Monk AdminTests */ = {
			isa = PBXGroup;
			children = (
				0792973F1B47906E00AB27BA /* Monk_AdminTests.m */,
				0792973D1B47906E00AB27BA /* Supporting Files */,
			);
			path = "Monk AdminTests";
			sourceTree = "<group>";
		};
		0792973D1B47906E00AB27BA /* Supporting Files */ = {
			isa = PBXGroup;
			children = (
				0792973E1B47906E00AB27BA /* Info.plist */,
			);
			name = "Supporting Files";
			sourceTree = "<group>";
		};
/* End PBXGroup section */

/* Begin PBXNativeTarget section */
		0792971F1B47906E00AB27BA /* Monk Admin */ = {
			isa = PBXNativeTarget;
			buildConfigurationList = 079297431B47906E00AB27BA /* Build configuration list for PBXNativeTarget "Monk Admin" */;
			buildPhases = (
				0792971C1B47906E00AB27BA /* Sources */,
				0792971D1B47906E00AB27BA /* Frameworks */,
				0792971E1B47906E00AB27BA /* Resources */,
			);
			buildRules = (
			);
			dependencies = (
			);
			name = "Monk Admin";
			productName = "Monk Admin";
			productReference = 079297201B47906E00AB27BA /* Monk Admin.app */;
			productType = "com.apple.product-type.application";
		};
		079297381B47906E00AB27BA /* Monk AdminTests */ = {
			isa = PBXNativeTarget;
			buildConfigurationList = 079297461B47906E00AB27BA /* Build configuration list for PBXNativeTarget "Monk AdminTests" */;
			buildPhases = (
				079297351B47906E00AB27BA /* Sources */,
				079297361B47906E00AB27BA /* Frameworks */,
				079297371B47906E00AB27BA /* Resources */,
			);
			buildRules = (
			);
			dependencies = (
				0792973B1B47906E00AB27BA /* PBXTargetDependency */,
			);
			name = "Monk AdminTests";
			productName = "Monk AdminTests";
			productReference = 079297391B47906E00AB27BA /* Monk AdminTests.xctest */;
			productType = "com.apple.product-type.bundle.unit-test";
		};
/* End PBXNativeTarget section */

/* Begin PBXProject section */
		079297181B47906E00AB27BA /* Project object */ = {
			isa = PBXProject;
			attributes = {
				LastUpgradeCheck = 0630;
				ORGANIZATIONNAME = "Abner Castro Aguilar";
				TargetAttributes = {
					0792971F1B47906E00AB27BA = {
						CreatedOnToolsVersion = 6.3.2;
					};
					079297381B47906E00AB27BA = {
						CreatedOnToolsVersion = 6.3.2;
						TestTargetID = 0792971F1B47906E00AB27BA;
					};
				};
			};
			buildConfigurationList = 0792971B1B47906E00AB27BA /* Build configuration list for PBXProject "Monk Admin" */;
			compatibilityVersion = "Xcode 3.2";
			developmentRegion = English;
			hasScannedForEncodings = 0;
			knownRegions = (
				en,
				Base,
			);
			mainGroup = 079297171B47906E00AB27BA;
			productRefGroup = 079297211B47906E00AB27BA /* Products */;
			projectDirPath = "";
			projectRoot = "";
			targets = (
				0792971F1B47906E00AB27BA /* Monk Admin */,
				079297381B47906E00AB27BA /* Monk AdminTests */,
			);
		};
/* End PBXProject section */

/* Begin PBXResourcesBuildPhase section */
		0792971E1B47906E00AB27BA /* Resources */ = {
			isa = PBXResourcesBuildPhase;
			buildActionMask = 2147483647;
			files = (
				0792972F1B47906E00AB27BA /* Main.storyboard in Resources */,
				079297341B47906E00AB27BA /* LaunchScreen.xib in Resources */,
				079297311B47906E00AB27BA /* Images.xcassets in Resources */,
			);
			runOnlyForDeploymentPostprocessing = 0;
		};
		079297371B47906E00AB27BA /* Resources */ = {
			isa = PBXResourcesBuildPhase;
			buildActionMask = 2147483647;
			files = (
			);
			runOnlyForDeploymentPostprocessing = 0;
		};
/* End PBXResourcesBuildPhase section */

/* Begin PBXSourcesBuildPhase section */
		0792971C1B47906E00AB27BA /* Sources */ = {
			isa = PBXSourcesBuildPhase;
			buildActionMask = 2147483647;
			files = (
				0792972C1B47906E00AB27BA /* ViewController.m in Sources */,
				079297291B47906E00AB27BA /* AppDelegate.m in Sources */,
				079297261B47906E00AB27BA /* main.m in Sources */,
			);
			runOnlyForDeploymentPostprocessing = 0;
		};
		079297351B47906E00AB27BA /* Sources */ = {
			isa = PBXSourcesBuildPhase;
			buildActionMask = 2147483647;
			files = (
				079297401B47906E00AB27BA /* Monk_AdminTests.m in Sources */,
			);
			runOnlyForDeploymentPostprocessing = 0;
		};
/* End PBXSourcesBuildPhase section */

/* Begin PBXTargetDependency section */
		0792973B1B47906E00AB27BA /* PBXTargetDependency */ = {
			isa = PBXTargetDependency;
			target = 0792971F1B47906E00AB27BA /* Monk Admin */;
			targetProxy = 0792973A1B47906E00AB27BA /* PBXContainerItemProxy */;
		};
/* End PBXTargetDependency section */

/* Begin PBXVariantGroup section */
		0792972D1B47906E00AB27BA /* Main.storyboard */ = {
			isa = PBXVariantGroup;
			children = (
				0792972E1B47906E00AB27BA /* Base */,
			);
			name = Main.storyboard;
			sourceTree = "<group>";
		};
		079297321B47906E00AB27BA /* LaunchScreen.xib */ = {
			isa = PBXVariantGroup;
			children = (
				079297331B47906E00AB27BA /* Base */,
			);
			name = LaunchScreen.xib;
			sourceTree = "<group>";
		};
/* End PBXVariantGroup section */

/* Begin XCBuildConfiguration section */
		079297411B47906E00AB27BA /* Debug */ = {
			isa = XCBuildConfiguration;
			buildSettings = {
				ALWAYS_SEARCH_USER_PATHS = NO;
				CLANG_CXX_LANGUAGE_STANDARD = "gnu++0x";
				CLANG_CXX_LIBRARY = "libc++";
				CLANG_ENABLE_MODULES = YES;
				CLANG_ENABLE_OBJC_ARC = YES;
				CLANG_WARN_BOOL_CONVERSION = YES;
				CLANG_WARN_CONSTANT_CONVERSION = YES;
				CLANG_WARN_DIRECT_OBJC_ISA_USAGE = YES_ERROR;
				CLANG_WARN_EMPTY_BODY = YES;
				CLANG_WARN_ENUM_CONVERSION = YES;
				CLANG_WARN_INT_CONVERSION = YES;
				CLANG_WARN_OBJC_ROOT_CLASS = YES_ERROR;
				CLANG_WARN_UNREACHABLE_CODE = YES;
				CLANG_WARN__DUPLICATE_METHOD_MATCH = YES;
				"CODE_SIGN_IDENTITY[sdk=iphoneos*]" = "iPhone Developer";
				COPY_PHASE_STRIP = NO;
				DEBUG_INFORMATION_FORMAT = "dwarf-with-dsym";
				ENABLE_STRICT_OBJC_MSGSEND = YES;
				GCC_C_LANGUAGE_STANDARD = gnu99;
				GCC_DYNAMIC_NO_PIC = NO;
				GCC_NO_COMMON_BLOCKS = YES;
				GCC_OPTIMIZATION_LEVEL = 0;
				GCC_PREPROCESSOR_DEFINITIONS = (
					"DEBUG=1",
					"$(inherited)",
				);
				GCC_SYMBOLS_PRIVATE_EXTERN = NO;
				GCC_WARN_64_TO_32_BIT_CONVERSION = YES;
				GCC_WARN_ABOUT_RETURN_TYPE = YES_ERROR;
				GCC_WARN_UNDECLARED_SELECTOR = YES;
				GCC_WARN_UNINITIALIZED_AUTOS = YES_AGGRESSIVE;
				GCC_WARN_UNUSED_FUNCTION = YES;
				GCC_WARN_UNUSED_VARIABLE = YES;
				IPHONEOS_DEPLOYMENT_TARGET = 8.3;
				MTL_ENABLE_DEBUG_INFO = YES;
				ONLY_ACTIVE_ARCH = YES;
				SDKROOT = iphoneos;
			};
			name = Debug;
		};
		079297421B47906E00AB27BA /* Release */ = {
			isa = XCBuildConfiguration;
			buildSettings = {
				ALWAYS_SEARCH_USER_PATHS = NO;
				CLANG_CXX_LANGUAGE_STANDARD = "gnu++0x";
				CLANG_CXX_LIBRARY = "libc++";
				CLANG_ENABLE_MODULES = YES;
				CLANG_ENABLE_OBJC_ARC = YES;
				CLANG_WARN_BOOL_CONVERSION = YES;
				CLANG_WARN_CONSTANT_CONVERSION = YES;
				CLANG_WARN_DIRECT_OBJC_ISA_USAGE = YES_ERROR;
				CLANG_WARN_EMPTY_BODY = YES;
				CLANG_WARN_ENUM_CONVERSION = YES;
				CLANG_WARN_INT_CONVERSION = YES;
				CLANG_WARN_OBJC_ROOT_CLASS = YES_ERROR;
				CLANG_WARN_UNREACHABLE_CODE = YES;
				CLANG_WARN__DUPLICATE_METHOD_MATCH = YES;
				"CODE_SIGN_IDENTITY[sdk=iphoneos*]" = "iPhone Developer";
				COPY_PHASE_STRIP = NO;
				DEBUG_INFORMATION_FORMAT = "dwarf-with-dsym";
				ENABLE_NS_ASSERTIONS = NO;
				ENABLE_STRICT_OBJC_MSGSEND = YES;
				GCC_C_LANGUAGE_STANDARD = gnu99;
				GCC_NO_COMMON_BLOCKS = YES;
				GCC_WARN_64_TO_32_BIT_CONVERSION = YES;
				GCC_WARN_ABOUT_RETURN_TYPE = YES_ERROR;
				GCC_WARN_UNDECLARED_SELECTOR = YES;
				GCC_WARN_UNINITIALIZED_AUTOS = YES_AGGRESSIVE;
				GCC_WARN_UNUSED_FUNCTION = YES;
				GCC_WARN_UNUSED_VARIABLE = YES;
				IPHONEOS_DEPLOYMENT_TARGET = 8.3;
				MTL_ENABLE_DEBUG_INFO = NO;
				SDKROOT = iphoneos;
				VALIDATE_PRODUCT = YES;
			};
			name = Release;
		};
		079297441B47906E00AB27BA /* Debug */ = {
			isa = XCBuildConfiguration;
			buildSettings = {
				ASSETCATALOG_COMPILER_APPICON_NAME = AppIcon;
				INFOPLIST_FILE = "Monk Admin/Info.plist";
				LD_RUNPATH_SEARCH_PATHS = "$(inherited) @executable_path/Frameworks";
				PRODUCT_NAME = "$(TARGET_NAME)";
			};
			name = Debug;
		};
		079297451B47906E00AB27BA /* Release */ = {
			isa = XCBuildConfiguration;
			buildSettings = {
				ASSETCATALOG_COMPILER_APPICON_NAME = AppIcon;
				INFOPLIST_FILE = "Monk Admin/Info.plist";
				LD_RUNPATH_SEARCH_PATHS = "$(inherited) @executable_path/Frameworks";
				PRODUCT_NAME = "$(TARGET_NAME)";
			};
			name = Release;
		};
		079297471B47906E00AB27BA /* Debug */ = {
			isa = XCBuildConfiguration;
			buildSettings = {
				BUNDLE_LOADER = "$(TEST_HOST)";
				FRAMEWORK_SEARCH_PATHS = (
					"$(SDKROOT)/Developer/Library/Frameworks",
					"$(inherited)",
				);
				GCC_PREPROCESSOR_DEFINITIONS = (
					"DEBUG=1",
					"$(inherited)",
				);
				INFOPLIST_FILE = "Monk AdminTests/Info.plist";
				LD_RUNPATH_SEARCH_PATHS = "$(inherited) @executable_path/Frameworks @loader_path/Frameworks";
				PRODUCT_NAME = "$(TARGET_NAME)";
				TEST_HOST = "$(BUILT_PRODUCTS_DIR)/Monk Admin.app/Monk Admin";
			};
			name = Debug;
		};
		079297481B47906E00AB27BA /* Release */ = {
			isa = XCBuildConfiguration;
			buildSettings = {
				BUNDLE_LOADER = "$(TEST_HOST)";
				FRAMEWORK_SEARCH_PATHS = (
					"$(SDKROOT)/Developer/Library/Frameworks",
					"$(inherited)",
				);
				INFOPLIST_FILE = "Monk AdminTests/Info.plist";
				LD_RUNPATH_SEARCH_PATHS = "$(inherited) @executable_path/Frameworks @loader_path/Frameworks";
				PRODUCT_NAME = "$(TARGET_NAME)";
				TEST_HOST = "$(BUILT_PRODUCTS_DIR)/Monk Admin.app/Monk Admin";
			};
			name = Release;
		};
/* End XCBuildConfiguration section */

/* Begin XCConfigurationList section */
		0792971B1B47906E00AB27BA /* Build configuration list for PBXProject "Monk Admin" */ = {
			isa = XCConfigurationList;
			buildConfigurations = (
				079297411B47906E00AB27BA /* Debug */,
				079297421B47906E00AB27BA /* Release */,
			);
			defaultConfigurationIsVisible = 0;
			defaultConfigurationName = Release;
		};
		079297431B47906E00AB27BA /* Build configuration list for PBXNativeTarget "Monk Admin" */ = {
			isa = XCConfigurationList;
			buildConfigurations = (
				079297441B47906E00AB27BA /* Debug */,
				079297451B47906E00AB27BA /* Release */,
			);
			defaultConfigurationIsVisible = 0;
		};
		079297461B47906E00AB27BA /* Build configuration list for PBXNativeTarget "Monk AdminTests" */ = {
			isa = XCConfigurationList;
			buildConfigurations = (
				079297471B47906E00AB27BA /* Debug */,
				079297481B47906E00AB27BA /* Release */,
			);
			defaultConfigurationIsVisible = 0;
		};
/* End XCConfigurationList section */
	};
	rootObject = 079297181B47906E00AB27BA /* Project object */;
}
